
Microsoft Visual Studio Solution File, Format Version 12.00
# Visual Studio Version 17
VisualStudioVersion = 17.14.36109.1 d17.14
MinimumVisualStudioVersion = 10.0.40219.1
Project("{FAE04EC0-301F-11D3-BF4B-00C04F79EFBC}") = "SmokingCessation.Business", "SmokingCessation.Business\SmokingCessation.Business.csproj", "{BD3DB77F-C100-42CD-B361-72FE8437BBE2}"
EndProject
Project("{FAE04EC0-301F-11D3-BF4B-00C04F79EFBC}") = "SmokingCessation.Data", "SmokingCessation.Data\SmokingCessation.Data.csproj", "{E72F2E9A-7B53-4C9B-966E-03A112BF8C64}"
EndProject
Project("{FAE04EC0-301F-11D3-BF4B-00C04F79EFBC}") = "SmokingCessation.WPF", "SmokingCessation.WPF\SmokingCessation.WPF.csproj", "{7654129A-E3D4-4499-BB7B-E71807CBCDF4}"
EndProject
Project("{FAE04EC0-301F-11D3-BF4B-00C04F79EFBC}") = "SmokingCessation.Common", "SmokingCessation.Common\SmokingCessation.Common.csproj", "{07CDE290-9120-4D2B-8661-6D08AEA95C89}"
EndProject
Global
	GlobalSection(SolutionConfigurationPlatforms) = preSolution
		Debug|Any CPU = Debug|Any CPU
		Release|Any CPU = Release|Any CPU
	EndGlobalSection
	GlobalSection(ProjectConfigurationPlatforms) = postSolution
		{BD3DB77F-C100-42CD-B361-72FE8437BBE2}.Debug|Any CPU.ActiveCfg = Debug|Any CPU
		{BD3DB77F-C100-42CD-B361-72FE8437BBE2}.Debug|Any CPU.Build.0 = Debug|Any CPU
		{BD3DB77F-C100-42CD-B361-72FE8437BBE2}.Release|Any CPU.ActiveCfg = Release|Any CPU
		{BD3DB77F-C100-42CD-B361-72FE8437BBE2}.Release|Any CPU.Build.0 = Release|Any CPU
		{E72F2E9A-7B53-4C9B-966E-03A112BF8C64}.Debug|Any CPU.ActiveCfg = Debug|Any CPU
		{E72F2E9A-7B53-4C9B-966E-03A112BF8C64}.Debug|Any CPU.Build.0 = Debug|Any CPU
		{E72F2E9A-7B53-4C9B-966E-03A112BF8C64}.Release|Any CPU.ActiveCfg = Release|Any CPU
		{E72F2E9A-7B53-4C9B-966E-03A112BF8C64}.Release|Any CPU.Build.0 = Release|Any CPU
		{7654129A-E3D4-4499-BB7B-E71807CBCDF4}.Debug|Any CPU.ActiveCfg = Debug|Any CPU
		{7654129A-E3D4-4499-BB7B-E71807CBCDF4}.Debug|Any CPU.Build.0 = Debug|Any CPU
		{7654129A-E3D4-4499-BB7B-E71807CBCDF4}.Release|Any CPU.ActiveCfg = Release|Any CPU
		{7654129A-E3D4-4499-BB7B-E71807CBCDF4}.Release|Any CPU.Build.0 = Release|Any CPU
		{07CDE290-9120-4D2B-8661-6D08AEA95C89}.Debug|Any CPU.ActiveCfg = Debug|Any CPU
		{07CDE290-9120-4D2B-8661-6D08AEA95C89}.Debug|Any CPU.Build.0 = Debug|Any CPU
		{07CDE290-9120-4D2B-8661-6D08AEA95C89}.Release|Any CPU.ActiveCfg = Release|Any CPU
		{07CDE290-9120-4D2B-8661-6D08AEA95C89}.Release|Any CPU.Build.0 = Release|Any CPU
	EndGlobalSection
	GlobalSection(SolutionProperties) = preSolution
		HideSolutionNode = FALSE
	EndGlobalSection
	GlobalSection(ExtensibilityGlobals) = postSolution
		SolutionGuid = {0228BC30-D1B0-4943-B3E0-68D6B5020B74}
	EndGlobalSection
EndGlobal
